PODS:
  - RecurrenceRule-iOS (0.0.1)
  - RecurrenceRuleUI-iOS (0.1.0):
    - RecurrenceRule-iOS

DEPENDENCIES:
  - RecurrenceRule-iOS (from `https://github.com/practo/RecurrenceRule-iOS.git`)
  - RecurrenceRuleUI-iOS (from `../`)

EXTERNAL SOURCES:
  RecurrenceRule-iOS:
    :git: https://github.com/practo/RecurrenceRule-iOS.git
  RecurrenceRuleUI-iOS:
    :path: ../

CHECKOUT OPTIONS:
  RecurrenceRule-iOS:
    :commit: a9c03be352d6e2799b60c50941de1781cd29a3b2
    :git: https://github.com/practo/RecurrenceRule-iOS.git

SPEC CHECKSUMS:
  RecurrenceRule-iOS: e8a998fd77d1845dbd53840d5c3cf2f60b9eecba
  RecurrenceRuleUI-iOS: aadb6ba56d63f3a895363e46b5624cf84075253e

PODFILE CHECKSUM: 9b01dbd923386c8f6a9b26f4b2359fb0103e7a50

COCOAPODS: 1.0.1
