PODS:
  - RecurrenceRule-iOS (0.1.1)
  - RecurrenceRuleUI-iOS (0.1.0):
    - RecurrenceRule-iOS

DEPENDENCIES:
  - RecurrenceRule-iOS (from `https://github.com/practo/RecurrenceRule-iOS.git`)
  - RecurrenceRuleUI-iOS (from `../`)

EXTERNAL SOURCES:
  RecurrenceRule-iOS:
    :git: https://github.com/practo/RecurrenceRule-iOS.git
  RecurrenceRuleUI-iOS:
    :path: ../

CHECKOUT OPTIONS:
  RecurrenceRule-iOS:
    :commit: 47565d511b828a5f0ced591efe032ddc58291c95
    :git: https://github.com/practo/RecurrenceRule-iOS.git

SPEC CHECKSUMS:
  RecurrenceRule-iOS: c04b3de1d5aad6e385168499efbcd1a8f910db3a
  RecurrenceRuleUI-iOS: aadb6ba56d63f3a895363e46b5624cf84075253e

PODFILE CHECKSUM: 277838d5f8be61a580412c6726214c159f3f10eb

COCOAPODS: 1.1.1
